github.com/gorilla/mux v1.8.0 h1:i40aqfkR1h2SlN9hojwV5ZA91wcXFOvkdNIeFDP5koI=
github.com/gorilla/mux v1.8.0/go.mod h1:DVbg23sWSpFRCP0SfiEN6jmj59UnW/n46BH5rLB71So=
github.com/joho/godotenv v1.4.0 h1:3l4+N6zfMWnkbPEXKng2o2/MR5mSwTrBih4ZEkkz1lg=
github.com/joho/godotenv v1.4.0/go.mod h1:f4LDr5Voq0i2e/R5DDNOoa2zzDfwtkZa6DnEwAbqwq4=
github.com/jszwec/csvutil v1.6.0 h1:QORXquCT0t8nUKD7utAD4HDmQMgG0Ir9WieZXzpa7ms=
github.com/jszwec/csvutil v1.6.0/go.mod h1:Rpu7Uu9giO9subDyMCIQfHVDuLrcaC36UA4YcJjGBkg=
tea.melonie54.xyz/sean/neutered-filesystem v0.0.0-20211224011744-2c3f84d52729 h1:Ve+gcqxl6lXkG2IIvMkBcf/PXtAUttr6zqxAFUyZonI=
tea.melonie54.xyz/sean/neutered-filesystem v0.0.0-20211224011744-2c3f84d52729/go.mod h1:xy00ZXDMgDnODTWM7EyemBzipk79w2HGxV+47IlW4AU=
tea.melonie54.xyz/sean/neutered-filesystem v0.0.0-20211224014659-d00e356bc2d0 h1:zQMDhKvAMz+h0a3u3mWQcNGGw9P1JpRT1o2LtS5ffNI=
tea.melonie54.xyz/sean/neutered-filesystem v0.0.0-20211224014659-d00e356bc2d0/go.mod h1:xy00ZXDMgDnODTWM7EyemBzipk79w2HGxV+47IlW4AU=
